// !$*UTF8*$!
{
	archiveVersion = 1;
	classes = {
	};
	objectVersion = 55;
	objects = {

/* Begin PBXBuildFile section */
		B506256A26ACFA660031B188 /* ConflictResolver.swift in Sources */ = {isa = PBXBuildFile; fileRef = B506254726ACFA650031B188 /* ConflictResolver.swift */; };
		B506256B26ACFA660031B188 /* ReferenceConnector.swift in Sources */ = {isa = PBXBuildFile; fileRef = B506254826ACFA650031B188 /* ReferenceConnector.swift */; };
		B506256C26ACFA660031B188 /* PendingDeletions.swift in Sources */ = {isa = PBXBuildFile; fileRef = B506254926ACFA650031B188 /* PendingDeletions.swift */; };
		B506256D26ACFA660031B188 /* AsyncZoneChangesSequence.swift in Sources */ = {isa = PBXBuildFile; fileRef = B506254A26ACFA650031B188 /* AsyncZoneChangesSequence.swift */; };
		B506256E26ACFA660031B188 /* ManagedObjectSynchronizer.swift in Sources */ = {isa = PBXBuildFile; fileRef = B506254B26ACFA650031B188 /* ManagedObjectSynchronizer.swift */; };
		B506256F26ACFA660031B188 /* AsyncRecordSequence.swift in Sources */ = {isa = PBXBuildFile; fileRef = B506254C26ACFA650031B188 /* AsyncRecordSequence.swift */; };
		B506257026ACFA660031B188 /* AppGroupPersistentContainer.swift in Sources */ = {isa = PBXBuildFile; fileRef = B506254E26ACFA650031B188 /* AppGroupPersistentContainer.swift */; };
		B506257126ACFA660031B188 /* SyncedManagedObject.swift in Sources */ = {isa = PBXBuildFile; fileRef = B506254F26ACFA650031B188 /* SyncedManagedObject.swift */; };
		B506257226ACFA660031B188 /* SyncedContainer.swift in Sources */ = {isa = PBXBuildFile; fileRef = B506255026ACFA650031B188 /* SyncedContainer.swift */; };
		B506257326ACFA660031B188 /* CKRecordSeed.swift in Sources */ = {isa = PBXBuildFile; fileRef = B506255226ACFA660031B188 /* CKRecordSeed.swift */; };
		B506257426ACFA660031B188 /* CKRecordValue.swift in Sources */ = {isa = PBXBuildFile; fileRef = B506255326ACFA660031B188 /* CKRecordValue.swift */; };
		B506257526ACFA660031B188 /* CKRecord.ID.swift in Sources */ = {isa = PBXBuildFile; fileRef = B506255426ACFA660031B188 /* CKRecord.ID.swift */; };
		B506257626ACFA660031B188 /* NSManagedObjectContext.swift in Sources */ = {isa = PBXBuildFile; fileRef = B506255526ACFA660031B188 /* NSManagedObjectContext.swift */; };
		B506257726ACFA660031B188 /* CKModifyRecordsOperation.swift in Sources */ = {isa = PBXBuildFile; fileRef = B506255726ACFA660031B188 /* CKModifyRecordsOperation.swift */; };
		B506257826ACFA660031B188 /* CKModifySubscriptionsOperation.swift in Sources */ = {isa = PBXBuildFile; fileRef = B506255826ACFA660031B188 /* CKModifySubscriptionsOperation.swift */; };
		B506257926ACFA660031B188 /* CKFetchSubscriptionsOperation.swift in Sources */ = {isa = PBXBuildFile; fileRef = B506255926ACFA660031B188 /* CKFetchSubscriptionsOperation.swift */; };
		B506257A26ACFA660031B188 /* CKDatabase.swift in Sources */ = {isa = PBXBuildFile; fileRef = B506255A26ACFA660031B188 /* CKDatabase.swift */; };
		B506257B26ACFA660031B188 /* URL.swift in Sources */ = {isa = PBXBuildFile; fileRef = B506255B26ACFA660031B188 /* URL.swift */; };
		B506257C26ACFA660031B188 /* CKRecord.swift in Sources */ = {isa = PBXBuildFile; fileRef = B506255C26ACFA660031B188 /* CKRecord.swift */; };
		B506257D26ACFA660031B188 /* Cirrus.Notifications.swift in Sources */ = {isa = PBXBuildFile; fileRef = B506255E26ACFA660031B188 /* Cirrus.Notifications.swift */; };
		B506257E26ACFA660031B188 /* Cirrus.Configuration.swift in Sources */ = {isa = PBXBuildFile; fileRef = B506256026ACFA660031B188 /* Cirrus.Configuration.swift */; };
		B506257F26ACFA660031B188 /* Cirrus+Configure.swift in Sources */ = {isa = PBXBuildFile; fileRef = B506256126ACFA660031B188 /* Cirrus+Configure.swift */; };
		B506258026ACFA660031B188 /* CirrusManagedObjectConfiguration.swift in Sources */ = {isa = PBXBuildFile; fileRef = B506256226ACFA660031B188 /* CirrusManagedObjectConfiguration.swift */; };
		B506258126ACFA660031B188 /* Cirrus.swift in Sources */ = {isa = PBXBuildFile; fileRef = B506256326ACFA660031B188 /* Cirrus.swift */; };
		B506258226ACFA660031B188 /* Cirrus+Subscriptions.swift in Sources */ = {isa = PBXBuildFile; fileRef = B506256426ACFA660031B188 /* Cirrus+Subscriptions.swift */; };
		B506258326ACFA660031B188 /* Cirrus.Errors.swift in Sources */ = {isa = PBXBuildFile; fileRef = B506256526ACFA660031B188 /* Cirrus.Errors.swift */; };
		B506258426ACFA660031B188 /* Cirrus.LocalState.swift in Sources */ = {isa = PBXBuildFile; fileRef = B506256626ACFA660031B188 /* Cirrus.LocalState.swift */; };
		B506258526ACFA660031B188 /* Cirrus+Sync.swift in Sources */ = {isa = PBXBuildFile; fileRef = B506256726ACFA660031B188 /* Cirrus+Sync.swift */; };
		B506258626ACFA660031B188 /* Cirrus.Authentication.swift in Sources */ = {isa = PBXBuildFile; fileRef = B506256826ACFA660031B188 /* Cirrus.Authentication.swift */; };
		B506258726ACFA660031B188 /* Cirrus.UserData.swift in Sources */ = {isa = PBXBuildFile; fileRef = B506256926ACFA660031B188 /* Cirrus.UserData.swift */; };
		B506258926AD9C120031B188 /* CKFetchDatabaseChangesOperation.swift in Sources */ = {isa = PBXBuildFile; fileRef = B506258826AD9C120031B188 /* CKFetchDatabaseChangesOperation.swift */; };
		B521049A26A256C6008ABEF4 /* CirrusApp.swift in Sources */ = {isa = PBXBuildFile; fileRef = B521049926A256C6008ABEF4 /* CirrusApp.swift */; };
		B521049C26A256C6008ABEF4 /* ContentView.swift in Sources */ = {isa = PBXBuildFile; fileRef = B521049B26A256C6008ABEF4 /* ContentView.swift */; };
		B521049E26A256C7008ABEF4 /* Assets.xcassets in Resources */ = {isa = PBXBuildFile; fileRef = B521049D26A256C7008ABEF4 /* Assets.xcassets */; };
		B52104A126A256C7008ABEF4 /* Preview Assets.xcassets in Resources */ = {isa = PBXBuildFile; fileRef = B52104A026A256C7008ABEF4 /* Preview Assets.xcassets */; };
		B52104AD26A25AB4008ABEF4 /* Suite in Frameworks */ = {isa = PBXBuildFile; productRef = B52104AC26A25AB4008ABEF4 /* Suite */; };
		B52104B326A25B9B008ABEF4 /* CloudKit.framework in Frameworks */ = {isa = PBXBuildFile; fileRef = B52104B226A25B9B008ABEF4 /* CloudKit.framework */; };
		B53000B426A7C207007367A7 /* LegacyAppDelegate.swift in Sources */ = {isa = PBXBuildFile; fileRef = B53000B326A7C206007367A7 /* LegacyAppDelegate.swift */; };
		B565D13B26A4A23F00F0C395 /* EmojiListView.swift in Sources */ = {isa = PBXBuildFile; fileRef = B565D13A26A4A23F00F0C395 /* EmojiListView.swift */; };
		B565D13F26A4E12300F0C395 /* EmojiRow.swift in Sources */ = {isa = PBXBuildFile; fileRef = B565D13E26A4E12300F0C395 /* EmojiRow.swift */; };
		B5E6DE4326A44A4D00856E8C /* Emoji.xcdatamodeld in Sources */ = {isa = PBXBuildFile; fileRef = B5E6DE4126A44A4D00856E8C /* Emoji.xcdatamodeld */; };
		B5E6DE4526A44AE700856E8C /* EmojiMO.swift in Sources */ = {isa = PBXBuildFile; fileRef = B5E6DE4426A44AE700856E8C /* EmojiMO.swift */; };
		B5E6DE4726A44B0300856E8C /* BadgeMO.swift in Sources */ = {isa = PBXBuildFile; fileRef = B5E6DE4626A44B0300856E8C /* BadgeMO.swift */; };
		B5E6DE4926A44B1C00856E8C /* EmojiBadgeMO.swift in Sources */ = {isa = PBXBuildFile; fileRef = B5E6DE4826A44B1C00856E8C /* EmojiBadgeMO.swift */; };
		B5E6DE5526A4658600856E8C /* Emoji.swift in Sources */ = {isa = PBXBuildFile; fileRef = B5E6DE5426A4658600856E8C /* Emoji.swift */; };
		B5F664C926A2EE3A00B49AC7 /* Flag.swift in Sources */ = {isa = PBXBuildFile; fileRef = B5F664C826A2EE3A00B49AC7 /* Flag.swift */; };
/* End PBXBuildFile section */

/* Begin PBXFileReference section */
		B506254726ACFA650031B188 /* ConflictResolver.swift */ = {isa = PBXFileReference; fileEncoding = 4; lastKnownFileType = sourcecode.swift; path = ConflictResolver.swift; sourceTree = "<group>"; };
		B506254826ACFA650031B188 /* ReferenceConnector.swift */ = {isa = PBXFileReference; fileEncoding = 4; lastKnownFileType = sourcecode.swift; path = ReferenceConnector.swift; sourceTree = "<group>"; };
		B506254926ACFA650031B188 /* PendingDeletions.swift */ = {isa = PBXFileReference; fileEncoding = 4; lastKnownFileType = sourcecode.swift; path = PendingDeletions.swift; sourceTree = "<group>"; };
		B506254A26ACFA650031B188 /* AsyncZoneChangesSequence.swift */ = {isa = PBXFileReference; fileEncoding = 4; lastKnownFileType = sourcecode.swift; path = AsyncZoneChangesSequence.swift; sourceTree = "<group>"; };
		B506254B26ACFA650031B188 /* ManagedObjectSynchronizer.swift */ = {isa = PBXFileReference; fileEncoding = 4; lastKnownFileType = sourcecode.swift; path = ManagedObjectSynchronizer.swift; sourceTree = "<group>"; };
		B506254C26ACFA650031B188 /* AsyncRecordSequence.swift */ = {isa = PBXFileReference; fileEncoding = 4; lastKnownFileType = sourcecode.swift; path = AsyncRecordSequence.swift; sourceTree = "<group>"; };
		B506254E26ACFA650031B188 /* AppGroupPersistentContainer.swift */ = {isa = PBXFileReference; fileEncoding = 4; lastKnownFileType = sourcecode.swift; path = AppGroupPersistentContainer.swift; sourceTree = "<group>"; };
		B506254F26ACFA650031B188 /* SyncedManagedObject.swift */ = {isa = PBXFileReference; fileEncoding = 4; lastKnownFileType = sourcecode.swift; path = SyncedManagedObject.swift; sourceTree = "<group>"; };
		B506255026ACFA650031B188 /* SyncedContainer.swift */ = {isa = PBXFileReference; fileEncoding = 4; lastKnownFileType = sourcecode.swift; path = SyncedContainer.swift; sourceTree = "<group>"; };
		B506255226ACFA660031B188 /* CKRecordSeed.swift */ = {isa = PBXFileReference; fileEncoding = 4; lastKnownFileType = sourcecode.swift; path = CKRecordSeed.swift; sourceTree = "<group>"; };
		B506255326ACFA660031B188 /* CKRecordValue.swift */ = {isa = PBXFileReference; fileEncoding = 4; lastKnownFileType = sourcecode.swift; path = CKRecordValue.swift; sourceTree = "<group>"; };
		B506255426ACFA660031B188 /* CKRecord.ID.swift */ = {isa = PBXFileReference; fileEncoding = 4; lastKnownFileType = sourcecode.swift; path = CKRecord.ID.swift; sourceTree = "<group>"; };
		B506255526ACFA660031B188 /* NSManagedObjectContext.swift */ = {isa = PBXFileReference; fileEncoding = 4; lastKnownFileType = sourcecode.swift; path = NSManagedObjectContext.swift; sourceTree = "<group>"; };
		B506255726ACFA660031B188 /* CKModifyRecordsOperation.swift */ = {isa = PBXFileReference; fileEncoding = 4; lastKnownFileType = sourcecode.swift; path = CKModifyRecordsOperation.swift; sourceTree = "<group>"; };
		B506255826ACFA660031B188 /* CKModifySubscriptionsOperation.swift */ = {isa = PBXFileReference; fileEncoding = 4; lastKnownFileType = sourcecode.swift; path = CKModifySubscriptionsOperation.swift; sourceTree = "<group>"; };
		B506255926ACFA660031B188 /* CKFetchSubscriptionsOperation.swift */ = {isa = PBXFileReference; fileEncoding = 4; lastKnownFileType = sourcecode.swift; path = CKFetchSubscriptionsOperation.swift; sourceTree = "<group>"; };
		B506255A26ACFA660031B188 /* CKDatabase.swift */ = {isa = PBXFileReference; fileEncoding = 4; lastKnownFileType = sourcecode.swift; path = CKDatabase.swift; sourceTree = "<group>"; };
		B506255B26ACFA660031B188 /* URL.swift */ = {isa = PBXFileReference; fileEncoding = 4; lastKnownFileType = sourcecode.swift; path = URL.swift; sourceTree = "<group>"; };
		B506255C26ACFA660031B188 /* CKRecord.swift */ = {isa = PBXFileReference; fileEncoding = 4; lastKnownFileType = sourcecode.swift; path = CKRecord.swift; sourceTree = "<group>"; };
		B506255E26ACFA660031B188 /* Cirrus.Notifications.swift */ = {isa = PBXFileReference; fileEncoding = 4; lastKnownFileType = sourcecode.swift; path = Cirrus.Notifications.swift; sourceTree = "<group>"; };
		B506256026ACFA660031B188 /* Cirrus.Configuration.swift */ = {isa = PBXFileReference; fileEncoding = 4; lastKnownFileType = sourcecode.swift; path = Cirrus.Configuration.swift; sourceTree = "<group>"; };
		B506256126ACFA660031B188 /* Cirrus+Configure.swift */ = {isa = PBXFileReference; fileEncoding = 4; lastKnownFileType = sourcecode.swift; path = "Cirrus+Configure.swift"; sourceTree = "<group>"; };
		B506256226ACFA660031B188 /* CirrusManagedObjectConfiguration.swift */ = {isa = PBXFileReference; fileEncoding = 4; lastKnownFileType = sourcecode.swift; path = CirrusManagedObjectConfiguration.swift; sourceTree = "<group>"; };
		B506256326ACFA660031B188 /* Cirrus.swift */ = {isa = PBXFileReference; fileEncoding = 4; lastKnownFileType = sourcecode.swift; path = Cirrus.swift; sourceTree = "<group>"; };
		B506256426ACFA660031B188 /* Cirrus+Subscriptions.swift */ = {isa = PBXFileReference; fileEncoding = 4; lastKnownFileType = sourcecode.swift; path = "Cirrus+Subscriptions.swift"; sourceTree = "<group>"; };
		B506256526ACFA660031B188 /* Cirrus.Errors.swift */ = {isa = PBXFileReference; fileEncoding = 4; lastKnownFileType = sourcecode.swift; path = Cirrus.Errors.swift; sourceTree = "<group>"; };
		B506256626ACFA660031B188 /* Cirrus.LocalState.swift */ = {isa = PBXFileReference; fileEncoding = 4; lastKnownFileType = sourcecode.swift; path = Cirrus.LocalState.swift; sourceTree = "<group>"; };
		B506256726ACFA660031B188 /* Cirrus+Sync.swift */ = {isa = PBXFileReference; fileEncoding = 4; lastKnownFileType = sourcecode.swift; path = "Cirrus+Sync.swift"; sourceTree = "<group>"; };
		B506256826ACFA660031B188 /* Cirrus.Authentication.swift */ = {isa = PBXFileReference; fileEncoding = 4; lastKnownFileType = sourcecode.swift; path = Cirrus.Authentication.swift; sourceTree = "<group>"; };
		B506256926ACFA660031B188 /* Cirrus.UserData.swift */ = {isa = PBXFileReference; fileEncoding = 4; lastKnownFileType = sourcecode.swift; path = Cirrus.UserData.swift; sourceTree = "<group>"; };
		B506258826AD9C120031B188 /* CKFetchDatabaseChangesOperation.swift */ = {isa = PBXFileReference; lastKnownFileType = sourcecode.swift; path = CKFetchDatabaseChangesOperation.swift; sourceTree = "<group>"; };
		B507F45A26A2819F00A5C291 /* Package.swift */ = {isa = PBXFileReference; lastKnownFileType = sourcecode.swift; path = Package.swift; sourceTree = "<group>"; };
		B521049626A256C6008ABEF4 /* Cirrus.app */ = {isa = PBXFileReference; explicitFileType = wrapper.application; includeInIndex = 0; path = Cirrus.app; sourceTree = BUILT_PRODUCTS_DIR; };
		B521049926A256C6008ABEF4 /* CirrusApp.swift */ = {isa = PBXFileReference; lastKnownFileType = sourcecode.swift; path = CirrusApp.swift; sourceTree = "<group>"; };
		B521049B26A256C6008ABEF4 /* ContentView.swift */ = {isa = PBXFileReference; lastKnownFileType = sourcecode.swift; path = ContentView.swift; sourceTree = "<group>"; };
		B521049D26A256C7008ABEF4 /* Assets.xcassets */ = {isa = PBXFileReference; lastKnownFileType = folder.assetcatalog; path = Assets.xcassets; sourceTree = "<group>"; };
		B52104A026A256C7008ABEF4 /* Preview Assets.xcassets */ = {isa = PBXFileReference; lastKnownFileType = folder.assetcatalog; path = "Preview Assets.xcassets"; sourceTree = "<group>"; };
		B52104B026A25B92008ABEF4 /* Cirrus.entitlements */ = {isa = PBXFileReference; lastKnownFileType = text.plist.entitlements; path = Cirrus.entitlements; sourceTree = "<group>"; };
		B52104B226A25B9B008ABEF4 /* CloudKit.framework */ = {isa = PBXFileReference; lastKnownFileType = wrapper.framework; name = CloudKit.framework; path = System/Library/Frameworks/CloudKit.framework; sourceTree = SDKROOT; };
		B53000B326A7C206007367A7 /* LegacyAppDelegate.swift */ = {isa = PBXFileReference; lastKnownFileType = sourcecode.swift; path = LegacyAppDelegate.swift; sourceTree = "<group>"; };
		B53000B526A7C2BF007367A7 /* Cirrus-Info.plist */ = {isa = PBXFileReference; lastKnownFileType = text.plist; path = "Cirrus-Info.plist"; sourceTree = "<group>"; };
		B565D13A26A4A23F00F0C395 /* EmojiListView.swift */ = {isa = PBXFileReference; lastKnownFileType = sourcecode.swift; path = EmojiListView.swift; sourceTree = "<group>"; };
		B565D13E26A4E12300F0C395 /* EmojiRow.swift */ = {isa = PBXFileReference; lastKnownFileType = sourcecode.swift; path = EmojiRow.swift; sourceTree = "<group>"; };
		B5E6DE4226A44A4D00856E8C /* Emoji.xcdatamodel */ = {isa = PBXFileReference; lastKnownFileType = wrapper.xcdatamodel; path = Emoji.xcdatamodel; sourceTree = "<group>"; };
		B5E6DE4426A44AE700856E8C /* EmojiMO.swift */ = {isa = PBXFileReference; lastKnownFileType = sourcecode.swift; path = EmojiMO.swift; sourceTree = "<group>"; };
		B5E6DE4626A44B0300856E8C /* BadgeMO.swift */ = {isa = PBXFileReference; lastKnownFileType = sourcecode.swift; path = BadgeMO.swift; sourceTree = "<group>"; };
		B5E6DE4826A44B1C00856E8C /* EmojiBadgeMO.swift */ = {isa = PBXFileReference; lastKnownFileType = sourcecode.swift; path = EmojiBadgeMO.swift; sourceTree = "<group>"; };
		B5E6DE5426A4658600856E8C /* Emoji.swift */ = {isa = PBXFileReference; lastKnownFileType = sourcecode.swift; path = Emoji.swift; sourceTree = "<group>"; };
		B5F664C826A2EE3A00B49AC7 /* Flag.swift */ = {isa = PBXFileReference; lastKnownFileType = sourcecode.swift; path = Flag.swift; sourceTree = "<group>"; };
/* End PBXFileReference section */

/* Begin PBXFrameworksBuildPhase section */
		B521049326A256C6008ABEF4 /* Frameworks */ = {
			isa = PBXFrameworksBuildPhase;
			buildActionMask = 2147483647;
			files = (
				B52104AD26A25AB4008ABEF4 /* Suite in Frameworks */,
				B52104B326A25B9B008ABEF4 /* CloudKit.framework in Frameworks */,
			);
			runOnlyForDeploymentPostprocessing = 0;
		};
/* End PBXFrameworksBuildPhase section */

/* Begin PBXGroup section */
		B506254426ACFA650031B188 /* Source */ = {
			isa = PBXGroup;
			children = (
				B506254526ACFA650031B188 /* Cirrus */,
			);
			path = Source;
			sourceTree = "<group>";
		};
		B506254526ACFA650031B188 /* Cirrus */ = {
			isa = PBXGroup;
			children = (
				B506254626ACFA650031B188 /* Types */,
				B506254D26ACFA650031B188 /* CoreData */,
				B506255126ACFA650031B188 /* Extensions */,
				B506255D26ACFA660031B188 /* Cirrus */,
			);
			path = Cirrus;
			sourceTree = "<group>";
		};
		B506254626ACFA650031B188 /* Types */ = {
			isa = PBXGroup;
			children = (
				B506254726ACFA650031B188 /* ConflictResolver.swift */,
				B506254826ACFA650031B188 /* ReferenceConnector.swift */,
				B506254926ACFA650031B188 /* PendingDeletions.swift */,
				B506254A26ACFA650031B188 /* AsyncZoneChangesSequence.swift */,
				B506254B26ACFA650031B188 /* ManagedObjectSynchronizer.swift */,
				B506254C26ACFA650031B188 /* AsyncRecordSequence.swift */,
			);
			path = Types;
			sourceTree = "<group>";
		};
		B506254D26ACFA650031B188 /* CoreData */ = {
			isa = PBXGroup;
			children = (
				B506254E26ACFA650031B188 /* AppGroupPersistentContainer.swift */,
				B506254F26ACFA650031B188 /* SyncedManagedObject.swift */,
				B506255026ACFA650031B188 /* SyncedContainer.swift */,
			);
			path = CoreData;
			sourceTree = "<group>";
		};
		B506255126ACFA650031B188 /* Extensions */ = {
			isa = PBXGroup;
			children = (
				B506255226ACFA660031B188 /* CKRecordSeed.swift */,
				B506255326ACFA660031B188 /* CKRecordValue.swift */,
				B506255426ACFA660031B188 /* CKRecord.ID.swift */,
				B506255526ACFA660031B188 /* NSManagedObjectContext.swift */,
				B506255626ACFA660031B188 /* Operations */,
				B506255A26ACFA660031B188 /* CKDatabase.swift */,
				B506255B26ACFA660031B188 /* URL.swift */,
				B506255C26ACFA660031B188 /* CKRecord.swift */,
			);
			path = Extensions;
			sourceTree = "<group>";
		};
		B506255626ACFA660031B188 /* Operations */ = {
			isa = PBXGroup;
			children = (
				B506255726ACFA660031B188 /* CKModifyRecordsOperation.swift */,
				B506255826ACFA660031B188 /* CKModifySubscriptionsOperation.swift */,
				B506255926ACFA660031B188 /* CKFetchSubscriptionsOperation.swift */,
				B506258826AD9C120031B188 /* CKFetchDatabaseChangesOperation.swift */,
			);
			path = Operations;
			sourceTree = "<group>";
		};
		B506255D26ACFA660031B188 /* Cirrus */ = {
			isa = PBXGroup;
			children = (
				B506255E26ACFA660031B188 /* Cirrus.Notifications.swift */,
				B506255F26ACFA660031B188 /* Configuration */,
				B506256326ACFA660031B188 /* Cirrus.swift */,
				B506256426ACFA660031B188 /* Cirrus+Subscriptions.swift */,
				B506256526ACFA660031B188 /* Cirrus.Errors.swift */,
				B506256626ACFA660031B188 /* Cirrus.LocalState.swift */,
				B506256726ACFA660031B188 /* Cirrus+Sync.swift */,
				B506256826ACFA660031B188 /* Cirrus.Authentication.swift */,
				B506256926ACFA660031B188 /* Cirrus.UserData.swift */,
			);
			path = Cirrus;
			sourceTree = "<group>";
		};
		B506255F26ACFA660031B188 /* Configuration */ = {
			isa = PBXGroup;
			children = (
				B506256026ACFA660031B188 /* Cirrus.Configuration.swift */,
				B506256126ACFA660031B188 /* Cirrus+Configure.swift */,
				B506256226ACFA660031B188 /* CirrusManagedObjectConfiguration.swift */,
			);
			path = Configuration;
			sourceTree = "<group>";
		};
		B521048D26A256C6008ABEF4 = {
			isa = PBXGroup;
			children = (
				B53000B526A7C2BF007367A7 /* Cirrus-Info.plist */,
				B507F45A26A2819F00A5C291 /* Package.swift */,
				B506254426ACFA650031B188 /* Source */,
				B52104B026A25B92008ABEF4 /* Cirrus.entitlements */,
				B521049826A256C6008ABEF4 /* Test Harness */,
				B521049726A256C6008ABEF4 /* Products */,
				B52104B126A25B9B008ABEF4 /* Frameworks */,
			);
			sourceTree = "<group>";
		};
		B521049726A256C6008ABEF4 /* Products */ = {
			isa = PBXGroup;
			children = (
				B521049626A256C6008ABEF4 /* Cirrus.app */,
			);
			name = Products;
			sourceTree = "<group>";
		};
		B521049826A256C6008ABEF4 /* Test Harness */ = {
			isa = PBXGroup;
			children = (
				B521049926A256C6008ABEF4 /* CirrusApp.swift */,
				B53000B326A7C206007367A7 /* LegacyAppDelegate.swift */,
				B5F664C826A2EE3A00B49AC7 /* Flag.swift */,
				B5E6DE5426A4658600856E8C /* Emoji.swift */,
				B521049B26A256C6008ABEF4 /* ContentView.swift */,
				B565D13A26A4A23F00F0C395 /* EmojiListView.swift */,
				B565D13E26A4E12300F0C395 /* EmojiRow.swift */,
				B5E6DE4D26A4526A00856E8C /* Model */,
				B521049D26A256C7008ABEF4 /* Assets.xcassets */,
				B521049F26A256C7008ABEF4 /* Preview Content */,
			);
			path = "Test Harness";
			sourceTree = "<group>";
		};
		B521049F26A256C7008ABEF4 /* Preview Content */ = {
			isa = PBXGroup;
			children = (
				B52104A026A256C7008ABEF4 /* Preview Assets.xcassets */,
			);
			path = "Preview Content";
			sourceTree = "<group>";
		};
		B52104B126A25B9B008ABEF4 /* Frameworks */ = {
			isa = PBXGroup;
			children = (
				B52104B226A25B9B008ABEF4 /* CloudKit.framework */,
			);
			name = Frameworks;
			sourceTree = "<group>";
		};
		B5E6DE4D26A4526A00856E8C /* Model */ = {
			isa = PBXGroup;
			children = (
				B5E6DE4426A44AE700856E8C /* EmojiMO.swift */,
				B5E6DE4626A44B0300856E8C /* BadgeMO.swift */,
				B5E6DE4826A44B1C00856E8C /* EmojiBadgeMO.swift */,
				B5E6DE4126A44A4D00856E8C /* Emoji.xcdatamodeld */,
			);
			path = Model;
			sourceTree = "<group>";
		};
/* End PBXGroup section */

/* Begin PBXNativeTarget section */
		B521049526A256C6008ABEF4 /* Cirrus */ = {
			isa = PBXNativeTarget;
			buildConfigurationList = B52104A426A256C7008ABEF4 /* Build configuration list for PBXNativeTarget "Cirrus" */;
			buildPhases = (
				B521049226A256C6008ABEF4 /* Sources */,
				B521049326A256C6008ABEF4 /* Frameworks */,
				B521049426A256C6008ABEF4 /* Resources */,
			);
			buildRules = (
			);
			dependencies = (
			);
			name = Cirrus;
			packageProductDependencies = (
				B52104AC26A25AB4008ABEF4 /* Suite */,
			);
			productName = Cirrus;
			productReference = B521049626A256C6008ABEF4 /* Cirrus.app */;
			productType = "com.apple.product-type.application";
		};
/* End PBXNativeTarget section */

/* Begin PBXProject section */
		B521048E26A256C6008ABEF4 /* Project object */ = {
			isa = PBXProject;
			attributes = {
				BuildIndependentTargetsInParallel = 1;
				LastSwiftUpdateCheck = 1300;
				LastUpgradeCheck = 1300;
				TargetAttributes = {
					B521049526A256C6008ABEF4 = {
						CreatedOnToolsVersion = 13.0;
					};
				};
			};
			buildConfigurationList = B521049126A256C6008ABEF4 /* Build configuration list for PBXProject "Cirrus" */;
			compatibilityVersion = "Xcode 13.0";
			developmentRegion = en;
			hasScannedForEncodings = 0;
			knownRegions = (
				en,
				Base,
			);
			mainGroup = B521048D26A256C6008ABEF4;
			packageReferences = (
				B52104AB26A25AB4008ABEF4 /* XCRemoteSwiftPackageReference "suite" */,
			);
			productRefGroup = B521049726A256C6008ABEF4 /* Products */;
			projectDirPath = "";
			projectRoot = "";
			targets = (
				B521049526A256C6008ABEF4 /* Cirrus */,
			);
		};
/* End PBXProject section */

/* Begin PBXResourcesBuildPhase section */
		B521049426A256C6008ABEF4 /* Resources */ = {
			isa = PBXResourcesBuildPhase;
			buildActionMask = 2147483647;
			files = (
				B52104A126A256C7008ABEF4 /* Preview Assets.xcassets in Resources */,
				B521049E26A256C7008ABEF4 /* Assets.xcassets in Resources */,
			);
			runOnlyForDeploymentPostprocessing = 0;
		};
/* End PBXResourcesBuildPhase section */

/* Begin PBXSourcesBuildPhase section */
		B521049226A256C6008ABEF4 /* Sources */ = {
			isa = PBXSourcesBuildPhase;
			buildActionMask = 2147483647;
			files = (
				B5E6DE4526A44AE700856E8C /* EmojiMO.swift in Sources */,
				B506258526ACFA660031B188 /* Cirrus+Sync.swift in Sources */,
				B506257726ACFA660031B188 /* CKModifyRecordsOperation.swift in Sources */,
				B506257626ACFA660031B188 /* NSManagedObjectContext.swift in Sources */,
				B506258126ACFA660031B188 /* Cirrus.swift in Sources */,
				B5E6DE5526A4658600856E8C /* Emoji.swift in Sources */,
				B506257F26ACFA660031B188 /* Cirrus+Configure.swift in Sources */,
				B506258726ACFA660031B188 /* Cirrus.UserData.swift in Sources */,
				B506257026ACFA660031B188 /* AppGroupPersistentContainer.swift in Sources */,
				B521049C26A256C6008ABEF4 /* ContentView.swift in Sources */,
				B506256B26ACFA660031B188 /* ReferenceConnector.swift in Sources */,
				B5E6DE4926A44B1C00856E8C /* EmojiBadgeMO.swift in Sources */,
				B506256C26ACFA660031B188 /* PendingDeletions.swift in Sources */,
				B506257D26ACFA660031B188 /* Cirrus.Notifications.swift in Sources */,
				B506258026ACFA660031B188 /* CirrusManagedObjectConfiguration.swift in Sources */,
				B521049A26A256C6008ABEF4 /* CirrusApp.swift in Sources */,
				B506256A26ACFA660031B188 /* ConflictResolver.swift in Sources */,
				B506256D26ACFA660031B188 /* AsyncZoneChangesSequence.swift in Sources */,
				B506257126ACFA660031B188 /* SyncedManagedObject.swift in Sources */,
				B506257526ACFA660031B188 /* CKRecord.ID.swift in Sources */,
				B506257826ACFA660031B188 /* CKModifySubscriptionsOperation.swift in Sources */,
				B506256F26ACFA660031B188 /* AsyncRecordSequence.swift in Sources */,
				B5E6DE4726A44B0300856E8C /* BadgeMO.swift in Sources */,
				B53000B426A7C207007367A7 /* LegacyAppDelegate.swift in Sources */,
				B506258426ACFA660031B188 /* Cirrus.LocalState.swift in Sources */,
				B506257E26ACFA660031B188 /* Cirrus.Configuration.swift in Sources */,
				B506257926ACFA660031B188 /* CKFetchSubscriptionsOperation.swift in Sources */,
				B506257B26ACFA660031B188 /* URL.swift in Sources */,
				B565D13F26A4E12300F0C395 /* EmojiRow.swift in Sources */,
				B506258626ACFA660031B188 /* Cirrus.Authentication.swift in Sources */,
				B506256E26ACFA660031B188 /* ManagedObjectSynchronizer.swift in Sources */,
				B506257326ACFA660031B188 /* CKRecordSeed.swift in Sources */,
				B5F664C926A2EE3A00B49AC7 /* Flag.swift in Sources */,
				B506257226ACFA660031B188 /* SyncedContainer.swift in Sources */,
				B565D13B26A4A23F00F0C395 /* EmojiListView.swift in Sources */,
				B506257C26ACFA660031B188 /* CKRecord.swift in Sources */,
				B506258226ACFA660031B188 /* Cirrus+Subscriptions.swift in Sources */,
				B506257426ACFA660031B188 /* CKRecordValue.swift in Sources */,
				B506258326ACFA660031B188 /* Cirrus.Errors.swift in Sources */,
				B506258926AD9C120031B188 /* CKFetchDatabaseChangesOperation.swift in Sources */,
				B506257A26ACFA660031B188 /* CKDatabase.swift in Sources */,
				B5E6DE4326A44A4D00856E8C /* Emoji.xcdatamodeld in Sources */,
			);
			runOnlyForDeploymentPostprocessing = 0;
		};
/* End PBXSourcesBuildPhase section */

/* Begin XCBuildConfiguration section */
		B52104A226A256C7008ABEF4 /* Debug */ = {
			isa = XCBuildConfiguration;
			buildSettings = {
				ALWAYS_SEARCH_USER_PATHS = NO;
				CLANG_ANALYZER_NONNULL = YES;
				CLANG_ANALYZER_NUMBER_OBJECT_CONVERSION = YES_AGGRESSIVE;
				CLANG_CXX_LANGUAGE_STANDARD = "gnu++17";
				CLANG_CXX_LIBRARY = "libc++";
				CLANG_ENABLE_MODULES = YES;
				CLANG_ENABLE_OBJC_ARC = YES;
				CLANG_ENABLE_OBJC_WEAK = YES;
				CLANG_WARN_BLOCK_CAPTURE_AUTORELEASING = YES;
				CLANG_WARN_BOOL_CONVERSION = YES;
				CLANG_WARN_COMMA = YES;
				CLANG_WARN_CONSTANT_CONVERSION = YES;
				CLANG_WARN_DEPRECATED_OBJC_IMPLEMENTATIONS = YES;
				CLANG_WARN_DIRECT_OBJC_ISA_USAGE = YES_ERROR;
				CLANG_WARN_DOCUMENTATION_COMMENTS = YES;
				CLANG_WARN_EMPTY_BODY = YES;
				CLANG_WARN_ENUM_CONVERSION = YES;
				CLANG_WARN_INFINITE_RECURSION = YES;
				CLANG_WARN_INT_CONVERSION = YES;
				CLANG_WARN_NON_LITERAL_NULL_CONVERSION = YES;
				CLANG_WARN_OBJC_IMPLICIT_RETAIN_SELF = YES;
				CLANG_WARN_OBJC_LITERAL_CONVERSION = YES;
				CLANG_WARN_OBJC_ROOT_CLASS = YES_ERROR;
				CLANG_WARN_QUOTED_INCLUDE_IN_FRAMEWORK_HEADER = YES;
				CLANG_WARN_RANGE_LOOP_ANALYSIS = YES;
				CLANG_WARN_STRICT_PROTOTYPES = YES;
				CLANG_WARN_SUSPICIOUS_MOVE = YES;
				CLANG_WARN_UNGUARDED_AVAILABILITY = YES_AGGRESSIVE;
				CLANG_WARN_UNREACHABLE_CODE = YES;
				CLANG_WARN__DUPLICATE_METHOD_MATCH = YES;
				COPY_PHASE_STRIP = NO;
				DEBUG_INFORMATION_FORMAT = dwarf;
				ENABLE_STRICT_OBJC_MSGSEND = YES;
				ENABLE_TESTABILITY = YES;
				GCC_C_LANGUAGE_STANDARD = gnu11;
				GCC_DYNAMIC_NO_PIC = NO;
				GCC_NO_COMMON_BLOCKS = YES;
				GCC_OPTIMIZATION_LEVEL = 0;
				GCC_PREPROCESSOR_DEFINITIONS = (
					"DEBUG=1",
					"$(inherited)",
				);
				GCC_WARN_64_TO_32_BIT_CONVERSION = YES;
				GCC_WARN_ABOUT_RETURN_TYPE = YES_ERROR;
				GCC_WARN_UNDECLARED_SELECTOR = YES;
				GCC_WARN_UNINITIALIZED_AUTOS = YES_AGGRESSIVE;
				GCC_WARN_UNUSED_FUNCTION = YES;
				GCC_WARN_UNUSED_VARIABLE = YES;
				IPHONEOS_DEPLOYMENT_TARGET = 15.0;
				MTL_ENABLE_DEBUG_INFO = INCLUDE_SOURCE;
				MTL_FAST_MATH = YES;
				ONLY_ACTIVE_ARCH = YES;
				SDKROOT = iphoneos;
				SWIFT_ACTIVE_COMPILATION_CONDITIONS = DEBUG;
				SWIFT_OPTIMIZATION_LEVEL = "-Onone";
			};
			name = Debug;
		};
		B52104A326A256C7008ABEF4 /* Release */ = {
			isa = XCBuildConfiguration;
			buildSettings = {
				ALWAYS_SEARCH_USER_PATHS = NO;
				CLANG_ANALYZER_NONNULL = YES;
				CLANG_ANALYZER_NUMBER_OBJECT_CONVERSION = YES_AGGRESSIVE;
				CLANG_CXX_LANGUAGE_STANDARD = "gnu++17";
				CLANG_CXX_LIBRARY = "libc++";
				CLANG_ENABLE_MODULES = YES;
				CLANG_ENABLE_OBJC_ARC = YES;
				CLANG_ENABLE_OBJC_WEAK = YES;
				CLANG_WARN_BLOCK_CAPTURE_AUTORELEASING = YES;
				CLANG_WARN_BOOL_CONVERSION = YES;
				CLANG_WARN_COMMA = YES;
				CLANG_WARN_CONSTANT_CONVERSION = YES;
				CLANG_WARN_DEPRECATED_OBJC_IMPLEMENTATIONS = YES;
				CLANG_WARN_DIRECT_OBJC_ISA_USAGE = YES_ERROR;
				CLANG_WARN_DOCUMENTATION_COMMENTS = YES;
				CLANG_WARN_EMPTY_BODY = YES;
				CLANG_WARN_ENUM_CONVERSION = YES;
				CLANG_WARN_INFINITE_RECURSION = YES;
				CLANG_WARN_INT_CONVERSION = YES;
				CLANG_WARN_NON_LITERAL_NULL_CONVERSION = YES;
				CLANG_WARN_OBJC_IMPLICIT_RETAIN_SELF = YES;
				CLANG_WARN_OBJC_LITERAL_CONVERSION = YES;
				CLANG_WARN_OBJC_ROOT_CLASS = YES_ERROR;
				CLANG_WARN_QUOTED_INCLUDE_IN_FRAMEWORK_HEADER = YES;
				CLANG_WARN_RANGE_LOOP_ANALYSIS = YES;
				CLANG_WARN_STRICT_PROTOTYPES = YES;
				CLANG_WARN_SUSPICIOUS_MOVE = YES;
				CLANG_WARN_UNGUARDED_AVAILABILITY = YES_AGGRESSIVE;
				CLANG_WARN_UNREACHABLE_CODE = YES;
				CLANG_WARN__DUPLICATE_METHOD_MATCH = YES;
				COPY_PHASE_STRIP = NO;
				DEBUG_INFORMATION_FORMAT = "dwarf-with-dsym";
				ENABLE_NS_ASSERTIONS = NO;
				ENABLE_STRICT_OBJC_MSGSEND = YES;
				GCC_C_LANGUAGE_STANDARD = gnu11;
				GCC_NO_COMMON_BLOCKS = YES;
				GCC_WARN_64_TO_32_BIT_CONVERSION = YES;
				GCC_WARN_ABOUT_RETURN_TYPE = YES_ERROR;
				GCC_WARN_UNDECLARED_SELECTOR = YES;
				GCC_WARN_UNINITIALIZED_AUTOS = YES_AGGRESSIVE;
				GCC_WARN_UNUSED_FUNCTION = YES;
				GCC_WARN_UNUSED_VARIABLE = YES;
				IPHONEOS_DEPLOYMENT_TARGET = 15.0;
				MTL_ENABLE_DEBUG_INFO = NO;
				MTL_FAST_MATH = YES;
				SDKROOT = iphoneos;
				SWIFT_COMPILATION_MODE = wholemodule;
				SWIFT_OPTIMIZATION_LEVEL = "-O";
				VALIDATE_PRODUCT = YES;
			};
			name = Release;
		};
		B52104A526A256C7008ABEF4 /* Debug */ = {
			isa = XCBuildConfiguration;
			buildSettings = {
				ASSETCATALOG_COMPILER_APPICON_NAME = AppIcon;
				ASSETCATALOG_COMPILER_GLOBAL_ACCENT_COLOR_NAME = AccentColor;
				CODE_SIGN_ENTITLEMENTS = Cirrus.entitlements;
				CODE_SIGN_STYLE = Automatic;
				CURRENT_PROJECT_VERSION = 1;
				DEVELOPMENT_ASSET_PATHS = "\"Test Harness/Preview Content\"";
				DEVELOPMENT_TEAM = YY6CWUX533;
				ENABLE_PREVIEWS = YES;
				GENERATE_INFOPLIST_FILE = YES;
				INFOPLIST_FILE = "Cirrus-Info.plist";
				INFOPLIST_KEY_UIApplicationSceneManifest_Generation = YES;
				INFOPLIST_KEY_UIApplicationSupportsIndirectInputEvents = YES;
				INFOPLIST_KEY_UILaunchScreen_Generation = YES;
				INFOPLIST_KEY_UISupportedInterfaceOrientations_iPad = "UIInterfaceOrientationPortrait UIInterfaceOrientationPortraitUpsideDown UIInterfaceOrientationLandscapeLeft UIInterfaceOrientationLandscapeRight";
				INFOPLIST_KEY_UISupportedInterfaceOrientations_iPhone = "UIInterfaceOrientationPortrait UIInterfaceOrientationLandscapeLeft UIInterfaceOrientationLandscapeRight";
				IPHONEOS_DEPLOYMENT_TARGET = 15.0;
				LD_RUNPATH_SEARCH_PATHS = (
					"$(inherited)",
					"@executable_path/Frameworks",
				);
				MARKETING_VERSION = 1.0;
				PRODUCT_BUNDLE_IDENTIFIER = com.standalone.cirrus;
				PRODUCT_NAME = "$(TARGET_NAME)";
				SWIFT_EMIT_LOC_STRINGS = YES;
				SWIFT_VERSION = 5.0;
				TARGETED_DEVICE_FAMILY = "1,2";
			};
			name = Debug;
		};
		B52104A626A256C7008ABEF4 /* Release */ = {
			isa = XCBuildConfiguration;
			buildSettings = {
				ASSETCATALOG_COMPILER_APPICON_NAME = AppIcon;
				ASSETCATALOG_COMPILER_GLOBAL_ACCENT_COLOR_NAME = AccentColor;
				CODE_SIGN_ENTITLEMENTS = Cirrus.entitlements;
				CODE_SIGN_STYLE = Automatic;
				CURRENT_PROJECT_VERSION = 1;
				DEVELOPMENT_ASSET_PATHS = "\"Test Harness/Preview Content\"";
				DEVELOPMENT_TEAM = YY6CWUX533;
				ENABLE_PREVIEWS = YES;
				GENERATE_INFOPLIST_FILE = YES;
				INFOPLIST_FILE = "Cirrus-Info.plist";
				INFOPLIST_KEY_UIApplicationSceneManifest_Generation = YES;
				INFOPLIST_KEY_UIApplicationSupportsIndirectInputEvents = YES;
				INFOPLIST_KEY_UILaunchScreen_Generation = YES;
				INFOPLIST_KEY_UISupportedInterfaceOrientations_iPad = "UIInterfaceOrientationPortrait UIInterfaceOrientationPortraitUpsideDown UIInterfaceOrientationLandscapeLeft UIInterfaceOrientationLandscapeRight";
				INFOPLIST_KEY_UISupportedInterfaceOrientations_iPhone = "UIInterfaceOrientationPortrait UIInterfaceOrientationLandscapeLeft UIInterfaceOrientationLandscapeRight";
				IPHONEOS_DEPLOYMENT_TARGET = 15.0;
				LD_RUNPATH_SEARCH_PATHS = (
					"$(inherited)",
					"@executable_path/Frameworks",
				);
				MARKETING_VERSION = 1.0;
				PRODUCT_BUNDLE_IDENTIFIER = com.standalone.cirrus;
				PRODUCT_NAME = "$(TARGET_NAME)";
				SWIFT_EMIT_LOC_STRINGS = YES;
				SWIFT_VERSION = 5.0;
				TARGETED_DEVICE_FAMILY = "1,2";
			};
			name = Release;
		};
/* End XCBuildConfiguration section */

/* Begin XCConfigurationList section */
		B521049126A256C6008ABEF4 /* Build configuration list for PBXProject "Cirrus" */ = {
			isa = XCConfigurationList;
			buildConfigurations = (
				B52104A226A256C7008ABEF4 /* Debug */,
				B52104A326A256C7008ABEF4 /* Release */,
			);
			defaultConfigurationIsVisible = 0;
			defaultConfigurationName = Release;
		};
		B52104A426A256C7008ABEF4 /* Build configuration list for PBXNativeTarget "Cirrus" */ = {
			isa = XCConfigurationList;
			buildConfigurations = (
				B52104A526A256C7008ABEF4 /* Debug */,
				B52104A626A256C7008ABEF4 /* Release */,
			);
			defaultConfigurationIsVisible = 0;
			defaultConfigurationName = Release;
		};
/* End XCConfigurationList section */

/* Begin XCRemoteSwiftPackageReference section */
		B52104AB26A25AB4008ABEF4 /* XCRemoteSwiftPackageReference "suite" */ = {
			isa = XCRemoteSwiftPackageReference;
			repositoryURL = "https://github.com/bengottlieb/suite";
			requirement = {
				kind = upToNextMajorVersion;
				minimumVersion = 0.10.83;
			};
		};
/* End XCRemoteSwiftPackageReference section */

/* Begin XCSwiftPackageProductDependency section */
		B52104AC26A25AB4008ABEF4 /* Suite */ = {
			isa = XCSwiftPackageProductDependency;
			package = B52104AB26A25AB4008ABEF4 /* XCRemoteSwiftPackageReference "suite" */;
			productName = Suite;
		};
/* End XCSwiftPackageProductDependency section */

/* Begin XCVersionGroup section */
		B5E6DE4126A44A4D00856E8C /* Emoji.xcdatamodeld */ = {
			isa = XCVersionGroup;
			children = (
				B5E6DE4226A44A4D00856E8C /* Emoji.xcdatamodel */,
			);
			currentVersion = B5E6DE4226A44A4D00856E8C /* Emoji.xcdatamodel */;
			path = Emoji.xcdatamodeld;
			sourceTree = "<group>";
			versionGroupType = wrapper.xcdatamodel;
		};
/* End XCVersionGroup section */
	};
	rootObject = B521048E26A256C6008ABEF4 /* Project object */;
}
