{
  "object": {
    "pins": [
      {
        "package": "suite",
        "repositoryURL": "https://github.com/bengottlieb/suite",
        "state": {
          "branch": null,
          "revision": "0080803581aceab19007518aedabac33c6575a40",
          "version": "0.10.83"
        }
      }
    ]
  },
  "version": 1
}
