{
  "object": {
    "pins": [
      {
        "package": "suite",
        "repositoryURL": "https://github.com/bengottlieb/suite",
        "state": {
          "branch": "master",
          "revision": "f2ecef13be2145c9c05ac4cfca1e92debe6aa46b",
          "version": null
        }
      }
    ]
  },
  "version": 1
}
